// !$*UTF8*$!
{
	archiveVersion = 1;
	classes = {
	};
	objectVersion = 77;
	objects = {

/* Begin PBXBuildFile section */
		BA34C2D52DC0CC44005915FE /* ElevenLabsSDK in Frameworks */ = {isa = PBXBuildFile; productRef = BA34C2D42DC0CC44005915FE /* ElevenLabsSDK */; };
		BA49E6192DEC8FA2006492AC /* StoreKit.framework in Frameworks */ = {isa = PBXBuildFile; fileRef = BA49E6182DEC8FA2006492AC /* StoreKit.framework */; };
		BA538B9E2DEC79660028C9A7 /* RevenueCat in Frameworks */ = {isa = PBXBuildFile; productRef = BA538B9D2DEC79660028C9A7 /* RevenueCat */; };
		BA538BA02DEC79660028C9A7 /* RevenueCatUI in Frameworks */ = {isa = PBXBuildFile; productRef = BA538B9F2DEC79660028C9A7 /* RevenueCatUI */; };
		BA7A9BEE2DBE86DA00827F7C /* Alamofire in Frameworks */ = {isa = PBXBuildFile; productRef = BA7A9BED2DBE86DA00827F7C /* Alamofire */; };
		BA7A9BFA2DBE8A5600827F7C /* GoogleGenerativeAI in Frameworks */ = {isa = PBXBuildFile; productRef = BA7A9BF92DBE8A5600827F7C /* GoogleGenerativeAI */; };
		BABAC5AE2DC15DB30025399E /* FirebaseAuth in Frameworks */ = {isa = PBXBuildFile; productRef = BABAC5AD2DC15DB30025399E /* FirebaseAuth */; };
		BABAC5B02DC15DB30025399E /* FirebaseCore in Frameworks */ = {isa = PBXBuildFile; productRef = BABAC5AF2DC15DB30025399E /* FirebaseCore */; };
		BABAC5B22DC15DB30025399E /* FirebaseFirestore in Frameworks */ = {isa = PBXBuildFile; productRef = BABAC5B12DC15DB30025399E /* FirebaseFirestore */; };
		BABAC5B42DC15DB30025399E /* FirebaseStorage in Frameworks */ = {isa = PBXBuildFile; productRef = BABAC5B32DC15DB30025399E /* FirebaseStorage */; };
		BAC3173A2DBE56500066DF0D /* SnapKit in Frameworks */ = {isa = PBXBuildFile; productRef = BAC317392DBE56500066DF0D /* SnapKit */; };
/* End PBXBuildFile section */

/* Begin PBXFileReference section */
		BA49E6182DEC8FA2006492AC /* StoreKit.framework */ = {isa = PBXFileReference; lastKnownFileType = wrapper.framework; name = StoreKit.framework; path = System/Library/Frameworks/StoreKit.framework; sourceTree = SDKROOT; };
		BAC316902DBE41350066DF0D /* AI Podcaster.app */ = {isa = PBXFileReference; explicitFileType = wrapper.application; includeInIndex = 0; path = "AI Podcaster.app"; sourceTree = BUILT_PRODUCTS_DIR; };
/* End PBXFileReference section */

/* Begin PBXFileSystemSynchronizedBuildFileExceptionSet section */
		BAC316A22DBE41350066DF0D /* Exceptions for "AI Podcaster" folder in "AI Podcaster" target */ = {
			isa = PBXFileSystemSynchronizedBuildFileExceptionSet;
			membershipExceptions = (
				App/Info.plist,
			);
			target = BAC3168F2DBE41350066DF0D /* AI Podcaster */;
		};
/* End PBXFileSystemSynchronizedBuildFileExceptionSet section */

/* Begin PBXFileSystemSynchronizedRootGroup section */
		BAC316922DBE41350066DF0D /* AI Podcaster */ = {
			isa = PBXFileSystemSynchronizedRootGroup;
			exceptions = (
				BAC316A22DBE41350066DF0D /* Exceptions for "AI Podcaster" folder in "AI Podcaster" target */,
			);
			path = "AI Podcaster";
			sourceTree = "<group>";
		};
/* End PBXFileSystemSynchronizedRootGroup section */

/* Begin PBXFrameworksBuildPhase section */
		BAC3168D2DBE41350066DF0D /* Frameworks */ = {
			isa = PBXFrameworksBuildPhase;
			buildActionMask = 2147483647;
			files = (
				BA34C2D52DC0CC44005915FE /* ElevenLabsSDK in Frameworks */,
				BABAC5AE2DC15DB30025399E /* FirebaseAuth in Frameworks */,
				BA7A9BFA2DBE8A5600827F7C /* GoogleGenerativeAI in Frameworks */,
				BAC3173A2DBE56500066DF0D /* SnapKit in Frameworks */,
				BABAC5B02DC15DB30025399E /* FirebaseCore in Frameworks */,
				BA538B9E2DEC79660028C9A7 /* RevenueCat in Frameworks */,
				BABAC5B42DC15DB30025399E /* FirebaseStorage in Frameworks */,
				BA7A9BEE2DBE86DA00827F7C /* Alamofire in Frameworks */,
				BA538BA02DEC79660028C9A7 /* RevenueCatUI in Frameworks */,
				BABAC5B22DC15DB30025399E /* FirebaseFirestore in Frameworks */,
				BA49E6192DEC8FA2006492AC /* StoreKit.framework in Frameworks */,
			);
			runOnlyForDeploymentPostprocessing = 0;
		};
/* End PBXFrameworksBuildPhase section */

/* Begin PBXGroup section */
		BA49E6172DEC8FA2006492AC /* Frameworks */ = {
			isa = PBXGroup;
			children = (
				BA49E6182DEC8FA2006492AC /* StoreKit.framework */,
			);
			name = Frameworks;
			sourceTree = "<group>";
		};
		BAC316872DBE41350066DF0D = {
			isa = PBXGroup;
			children = (
				BAC316922DBE41350066DF0D /* AI Podcaster */,
				BA49E6172DEC8FA2006492AC /* Frameworks */,
				BAC316912DBE41350066DF0D /* Products */,
			);
			sourceTree = "<group>";
		};
		BAC316912DBE41350066DF0D /* Products */ = {
			isa = PBXGroup;
			children = (
				BAC316902DBE41350066DF0D /* AI Podcaster.app */,
			);
			name = Products;
			sourceTree = "<group>";
		};
/* End PBXGroup section */

/* Begin PBXNativeTarget section */
		BAC3168F2DBE41350066DF0D /* AI Podcaster */ = {
			isa = PBXNativeTarget;
			buildConfigurationList = BAC316A32DBE41350066DF0D /* Build configuration list for PBXNativeTarget "AI Podcaster" */;
			buildPhases = (
				BAC3168C2DBE41350066DF0D /* Sources */,
				BAC3168D2DBE41350066DF0D /* Frameworks */,
				BAC3168E2DBE41350066DF0D /* Resources */,
			);
			buildRules = (
			);
			dependencies = (
			);
			fileSystemSynchronizedGroups = (
				BAC316922DBE41350066DF0D /* AI Podcaster */,
			);
			name = "AI Podcaster";
			packageProductDependencies = (
				BAC317392DBE56500066DF0D /* SnapKit */,
				BA7A9BED2DBE86DA00827F7C /* Alamofire */,
				BA7A9BF92DBE8A5600827F7C /* GoogleGenerativeAI */,
				BA34C2D42DC0CC44005915FE /* ElevenLabsSDK */,
				BABAC5AD2DC15DB30025399E /* FirebaseAuth */,
				BABAC5AF2DC15DB30025399E /* FirebaseCore */,
				BABAC5B12DC15DB30025399E /* FirebaseFirestore */,
				BABAC5B32DC15DB30025399E /* FirebaseStorage */,
				BA538B9D2DEC79660028C9A7 /* RevenueCat */,
				BA538B9F2DEC79660028C9A7 /* RevenueCatUI */,
			);
			productName = "AI Podcaster";
			productReference = BAC316902DBE41350066DF0D /* AI Podcaster.app */;
			productType = "com.apple.product-type.application";
		};
/* End PBXNativeTarget section */

/* Begin PBXProject section */
		BAC316882DBE41350066DF0D /* Project object */ = {
			isa = PBXProject;
			attributes = {
				BuildIndependentTargetsInParallel = 1;
				LastSwiftUpdateCheck = 1630;
				LastUpgradeCheck = 1630;
				TargetAttributes = {
					BAC3168F2DBE41350066DF0D = {
						CreatedOnToolsVersion = 16.3;
					};
				};
			};
			buildConfigurationList = BAC3168B2DBE41350066DF0D /* Build configuration list for PBXProject "AI Podcaster" */;
			developmentRegion = en;
			hasScannedForEncodings = 0;
			knownRegions = (
				en,
				Base,
				tr,
			);
			mainGroup = BAC316872DBE41350066DF0D;
			minimizedProjectReferenceProxies = 1;
			packageReferences = (
				BAC317382DBE56500066DF0D /* XCRemoteSwiftPackageReference "SnapKit" */,
				BA7A9BEC2DBE86DA00827F7C /* XCRemoteSwiftPackageReference "Alamofire" */,
				BA7A9BF82DBE8A5600827F7C /* XCRemoteSwiftPackageReference "deprecated-generative-ai-swift" */,
				BA34C2D32DC0CC44005915FE /* XCRemoteSwiftPackageReference "ElevenLabsSwift" */,
				BABAC5AC2DC15DB30025399E /* XCRemoteSwiftPackageReference "firebase-ios-sdk" */,
				BA538B9C2DEC79660028C9A7 /* XCRemoteSwiftPackageReference "purchases-ios-spm" */,
			);
			preferredProjectObjectVersion = 77;
			productRefGroup = BAC316912DBE41350066DF0D /* Products */;
			projectDirPath = "";
			projectRoot = "";
			targets = (
				BAC3168F2DBE41350066DF0D /* AI Podcaster */,
			);
		};
/* End PBXProject section */

/* Begin PBXResourcesBuildPhase section */
		BAC3168E2DBE41350066DF0D /* Resources */ = {
			isa = PBXResourcesBuildPhase;
			buildActionMask = 2147483647;
			files = (
			);
			runOnlyForDeploymentPostprocessing = 0;
		};
/* End PBXResourcesBuildPhase section */

/* Begin PBXSourcesBuildPhase section */
		BAC3168C2DBE41350066DF0D /* Sources */ = {
			isa = PBXSourcesBuildPhase;
			buildActionMask = 2147483647;
			files = (
			);
			runOnlyForDeploymentPostprocessing = 0;
		};
/* End PBXSourcesBuildPhase section */

/* Begin XCBuildConfiguration section */
		BAC316A42DBE41350066DF0D /* Debug */ = {
			isa = XCBuildConfiguration;
			buildSettings = {
				ASSETCATALOG_COMPILER_APPICON_NAME = AppIcon;
				ASSETCATALOG_COMPILER_GLOBAL_ACCENT_COLOR_NAME = AccentColor;
				CODE_SIGN_STYLE = Automatic;
				CURRENT_PROJECT_VERSION = 1;
				DEVELOPMENT_TEAM = BL2S55ZXWN;
				ENABLE_USER_SCRIPT_SANDBOXING = NO;
				GENERATE_INFOPLIST_FILE = YES;
				INFOPLIST_FILE = "AI Podcaster/App/Info.plist";
				INFOPLIST_KEY_CFBundleDisplayName = "AI Podcaster";
				INFOPLIST_KEY_LSApplicationCategoryType = "public.app-category.music";
				INFOPLIST_KEY_UIApplicationSupportsIndirectInputEvents = YES;
				INFOPLIST_KEY_UILaunchStoryboardName = LaunchScreen;
				INFOPLIST_KEY_UIMainStoryboardFile = "";
				INFOPLIST_KEY_UIRequiresFullScreen = YES;
				INFOPLIST_KEY_UIStatusBarStyle = "";
				INFOPLIST_KEY_UISupportedInterfaceOrientations = UIInterfaceOrientationPortrait;
				INFOPLIST_KEY_UISupportedInterfaceOrientations_iPad = "UIInterfaceOrientationPortrait UIInterfaceOrientationPortraitUpsideDown";
				IPHONEOS_DEPLOYMENT_TARGET = 17;
				LD_RUNPATH_SEARCH_PATHS = (
					"$(inherited)",
					"@executable_path/Frameworks",
				);
				MARKETING_VERSION = 1.0;
				PRODUCT_BUNDLE_IDENTIFIER = "com.erenalikoca.AI-Podcaster";
				PRODUCT_NAME = "$(TARGET_NAME)";
				SWIFT_EMIT_LOC_STRINGS = YES;
				SWIFT_VERSION = 5.0;
				TARGETED_DEVICE_FAMILY = "1,2";
			};
			name = Debug;
		};
		BAC316A52DBE41350066DF0D /* Release */ = {
			isa = XCBuildConfiguration;
			buildSettings = {
				ASSETCATALOG_COMPILER_APPICON_NAME = AppIcon;
				ASSETCATALOG_COMPILER_GLOBAL_ACCENT_COLOR_NAME = AccentColor;
				CODE_SIGN_STYLE = Automatic;
				CURRENT_PROJECT_VERSION = 1;
				DEVELOPMENT_TEAM = BL2S55ZXWN;
				ENABLE_USER_SCRIPT_SANDBOXING = NO;
				GENERATE_INFOPLIST_FILE = YES;
				INFOPLIST_FILE = "AI Podcaster/App/Info.plist";
				INFOPLIST_KEY_CFBundleDisplayName = "AI Podcaster";
				INFOPLIST_KEY_LSApplicationCategoryType = "public.app-category.music";
				INFOPLIST_KEY_UIApplicationSupportsIndirectInputEvents = YES;
				INFOPLIST_KEY_UILaunchStoryboardName = LaunchScreen;
				INFOPLIST_KEY_UIMainStoryboardFile = "";
				INFOPLIST_KEY_UIRequiresFullScreen = YES;
				INFOPLIST_KEY_UIStatusBarStyle = "";
				INFOPLIST_KEY_UISupportedInterfaceOrientations = UIInterfaceOrientationPortrait;
				INFOPLIST_KEY_UISupportedInterfaceOrientations_iPad = "UIInterfaceOrientationPortrait UIInterfaceOrientationPortraitUpsideDown";
				IPHONEOS_DEPLOYMENT_TARGET = 17;
				LD_RUNPATH_SEARCH_PATHS = (
					"$(inherited)",
					"@executable_path/Frameworks",
				);
				MARKETING_VERSION = 1.0;
				PRODUCT_BUNDLE_IDENTIFIER = "com.erenalikoca.AI-Podcaster";
				PRODUCT_NAME = "$(TARGET_NAME)";
				SWIFT_EMIT_LOC_STRINGS = YES;
				SWIFT_VERSION = 5.0;
				TARGETED_DEVICE_FAMILY = "1,2";
			};
			name = Release;
		};
		BAC316A62DBE41350066DF0D /* Debug */ = {
			isa = XCBuildConfiguration;
			buildSettings = {
				ALWAYS_SEARCH_USER_PATHS = NO;
				ASSETCATALOG_COMPILER_GENERATE_SWIFT_ASSET_SYMBOL_EXTENSIONS = YES;
				CLANG_ANALYZER_LOCALIZABILITY_NONLOCALIZED = YES;
				CLANG_ANALYZER_NONNULL = YES;
				CLANG_ANALYZER_NUMBER_OBJECT_CONVERSION = YES_AGGRESSIVE;
				CLANG_CXX_LANGUAGE_STANDARD = "gnu++20";
				CLANG_ENABLE_MODULES = YES;
				CLANG_ENABLE_OBJC_ARC = YES;
				CLANG_ENABLE_OBJC_WEAK = YES;
				CLANG_WARN_BLOCK_CAPTURE_AUTORELEASING = YES;
				CLANG_WARN_BOOL_CONVERSION = YES;
				CLANG_WARN_COMMA = YES;
				CLANG_WARN_CONSTANT_CONVERSION = YES;
				CLANG_WARN_DEPRECATED_OBJC_IMPLEMENTATIONS = YES;
				CLANG_WARN_DIRECT_OBJC_ISA_USAGE = YES_ERROR;
				CLANG_WARN_DOCUMENTATION_COMMENTS = YES;
				CLANG_WARN_EMPTY_BODY = YES;
				CLANG_WARN_ENUM_CONVERSION = YES;
				CLANG_WARN_INFINITE_RECURSION = YES;
				CLANG_WARN_INT_CONVERSION = YES;
				CLANG_WARN_NON_LITERAL_NULL_CONVERSION = YES;
				CLANG_WARN_OBJC_IMPLICIT_RETAIN_SELF = YES;
				CLANG_WARN_OBJC_LITERAL_CONVERSION = YES;
				CLANG_WARN_OBJC_ROOT_CLASS = YES_ERROR;
				CLANG_WARN_QUOTED_INCLUDE_IN_FRAMEWORK_HEADER = YES;
				CLANG_WARN_RANGE_LOOP_ANALYSIS = YES;
				CLANG_WARN_STRICT_PROTOTYPES = YES;
				CLANG_WARN_SUSPICIOUS_MOVE = YES;
				CLANG_WARN_UNGUARDED_AVAILABILITY = YES_AGGRESSIVE;
				CLANG_WARN_UNREACHABLE_CODE = YES;
				CLANG_WARN__DUPLICATE_METHOD_MATCH = YES;
				COPY_PHASE_STRIP = NO;
				DEBUG_INFORMATION_FORMAT = dwarf;
				DEVELOPMENT_TEAM = BL2S55ZXWN;
				ENABLE_STRICT_OBJC_MSGSEND = YES;
				ENABLE_TESTABILITY = YES;
				ENABLE_USER_SCRIPT_SANDBOXING = YES;
				GCC_C_LANGUAGE_STANDARD = gnu17;
				GCC_DYNAMIC_NO_PIC = NO;
				GCC_NO_COMMON_BLOCKS = YES;
				GCC_OPTIMIZATION_LEVEL = 0;
				GCC_PREPROCESSOR_DEFINITIONS = (
					"DEBUG=1",
					"$(inherited)",
				);
				GCC_WARN_64_TO_32_BIT_CONVERSION = YES;
				GCC_WARN_ABOUT_RETURN_TYPE = YES_ERROR;
				GCC_WARN_UNDECLARED_SELECTOR = YES;
				GCC_WARN_UNINITIALIZED_AUTOS = YES_AGGRESSIVE;
				GCC_WARN_UNUSED_FUNCTION = YES;
				GCC_WARN_UNUSED_VARIABLE = YES;
				IPHONEOS_DEPLOYMENT_TARGET = 18.4;
				LOCALIZATION_PREFERS_STRING_CATALOGS = YES;
				MTL_ENABLE_DEBUG_INFO = INCLUDE_SOURCE;
				MTL_FAST_MATH = YES;
				ONLY_ACTIVE_ARCH = YES;
				SDKROOT = iphoneos;
				SWIFT_ACTIVE_COMPILATION_CONDITIONS = "DEBUG $(inherited)";
				SWIFT_OPTIMIZATION_LEVEL = "-Onone";
			};
			name = Debug;
		};
		BAC316A72DBE41350066DF0D /* Release */ = {
			isa = XCBuildConfiguration;
			buildSettings = {
				ALWAYS_SEARCH_USER_PATHS = NO;
				ASSETCATALOG_COMPILER_GENERATE_SWIFT_ASSET_SYMBOL_EXTENSIONS = YES;
				CLANG_ANALYZER_LOCALIZABILITY_NONLOCALIZED = YES;
				CLANG_ANALYZER_NONNULL = YES;
				CLANG_ANALYZER_NUMBER_OBJECT_CONVERSION = YES_AGGRESSIVE;
				CLANG_CXX_LANGUAGE_STANDARD = "gnu++20";
				CLANG_ENABLE_MODULES = YES;
				CLANG_ENABLE_OBJC_ARC = YES;
				CLANG_ENABLE_OBJC_WEAK = YES;
				CLANG_WARN_BLOCK_CAPTURE_AUTORELEASING = YES;
				CLANG_WARN_BOOL_CONVERSION = YES;
				CLANG_WARN_COMMA = YES;
				CLANG_WARN_CONSTANT_CONVERSION = YES;
				CLANG_WARN_DEPRECATED_OBJC_IMPLEMENTATIONS = YES;
				CLANG_WARN_DIRECT_OBJC_ISA_USAGE = YES_ERROR;
				CLANG_WARN_DOCUMENTATION_COMMENTS = YES;
				CLANG_WARN_EMPTY_BODY = YES;
				CLANG_WARN_ENUM_CONVERSION = YES;
				CLANG_WARN_INFINITE_RECURSION = YES;
				CLANG_WARN_INT_CONVERSION = YES;
				CLANG_WARN_NON_LITERAL_NULL_CONVERSION = YES;
				CLANG_WARN_OBJC_IMPLICIT_RETAIN_SELF = YES;
				CLANG_WARN_OBJC_LITERAL_CONVERSION = YES;
				CLANG_WARN_OBJC_ROOT_CLASS = YES_ERROR;
				CLANG_WARN_QUOTED_INCLUDE_IN_FRAMEWORK_HEADER = YES;
				CLANG_WARN_RANGE_LOOP_ANALYSIS = YES;
				CLANG_WARN_STRICT_PROTOTYPES = YES;
				CLANG_WARN_SUSPICIOUS_MOVE = YES;
				CLANG_WARN_UNGUARDED_AVAILABILITY = YES_AGGRESSIVE;
				CLANG_WARN_UNREACHABLE_CODE = YES;
				CLANG_WARN__DUPLICATE_METHOD_MATCH = YES;
				COPY_PHASE_STRIP = NO;
				DEBUG_INFORMATION_FORMAT = "dwarf-with-dsym";
				DEVELOPMENT_TEAM = BL2S55ZXWN;
				ENABLE_NS_ASSERTIONS = NO;
				ENABLE_STRICT_OBJC_MSGSEND = YES;
				ENABLE_USER_SCRIPT_SANDBOXING = YES;
				GCC_C_LANGUAGE_STANDARD = gnu17;
				GCC_NO_COMMON_BLOCKS = YES;
				GCC_WARN_64_TO_32_BIT_CONVERSION = YES;
				GCC_WARN_ABOUT_RETURN_TYPE = YES_ERROR;
				GCC_WARN_UNDECLARED_SELECTOR = YES;
				GCC_WARN_UNINITIALIZED_AUTOS = YES_AGGRESSIVE;
				GCC_WARN_UNUSED_FUNCTION = YES;
				GCC_WARN_UNUSED_VARIABLE = YES;
				IPHONEOS_DEPLOYMENT_TARGET = 18.4;
				LOCALIZATION_PREFERS_STRING_CATALOGS = YES;
				MTL_ENABLE_DEBUG_INFO = NO;
				MTL_FAST_MATH = YES;
				SDKROOT = iphoneos;
				SWIFT_COMPILATION_MODE = wholemodule;
				VALIDATE_PRODUCT = YES;
			};
			name = Release;
		};
/* End XCBuildConfiguration section */

/* Begin XCConfigurationList section */
		BAC3168B2DBE41350066DF0D /* Build configuration list for PBXProject "AI Podcaster" */ = {
			isa = XCConfigurationList;
			buildConfigurations = (
				BAC316A62DBE41350066DF0D /* Debug */,
				BAC316A72DBE41350066DF0D /* Release */,
			);
			defaultConfigurationIsVisible = 0;
			defaultConfigurationName = Release;
		};
		BAC316A32DBE41350066DF0D /* Build configuration list for PBXNativeTarget "AI Podcaster" */ = {
			isa = XCConfigurationList;
			buildConfigurations = (
				BAC316A42DBE41350066DF0D /* Debug */,
				BAC316A52DBE41350066DF0D /* Release */,
			);
			defaultConfigurationIsVisible = 0;
			defaultConfigurationName = Release;
		};
/* End XCConfigurationList section */

/* Begin XCRemoteSwiftPackageReference section */
		BA34C2D32DC0CC44005915FE /* XCRemoteSwiftPackageReference "ElevenLabsSwift" */ = {
			isa = XCRemoteSwiftPackageReference;
			repositoryURL = "https://github.com/elevenlabs/ElevenLabsSwift.git";
			requirement = {
				branch = main;
				kind = branch;
			};
		};
		BA538B9C2DEC79660028C9A7 /* XCRemoteSwiftPackageReference "purchases-ios-spm" */ = {
			isa = XCRemoteSwiftPackageReference;
			repositoryURL = "https://github.com/RevenueCat/purchases-ios-spm.git";
			requirement = {
				kind = upToNextMajorVersion;
				minimumVersion = 5.25.3;
			};
		};
		BA7A9BEC2DBE86DA00827F7C /* XCRemoteSwiftPackageReference "Alamofire" */ = {
			isa = XCRemoteSwiftPackageReference;
			repositoryURL = "https://github.com/Alamofire/Alamofire.git";
			requirement = {
				kind = upToNextMajorVersion;
				minimumVersion = 5.10.2;
			};
		};
		BA7A9BF82DBE8A5600827F7C /* XCRemoteSwiftPackageReference "deprecated-generative-ai-swift" */ = {
			isa = XCRemoteSwiftPackageReference;
			repositoryURL = "https://github.com/google-gemini/deprecated-generative-ai-swift.git";
			requirement = {
				kind = upToNextMajorVersion;
				minimumVersion = 0.5.6;
			};
		};
		BABAC5AC2DC15DB30025399E /* XCRemoteSwiftPackageReference "firebase-ios-sdk" */ = {
			isa = XCRemoteSwiftPackageReference;
			repositoryURL = "https://github.com/firebase/firebase-ios-sdk";
			requirement = {
				kind = upToNextMajorVersion;
				minimumVersion = 11.12.0;
			};
		};
		BAC317382DBE56500066DF0D /* XCRemoteSwiftPackageReference "SnapKit" */ = {
			isa = XCRemoteSwiftPackageReference;
			repositoryURL = "https://github.com/SnapKit/SnapKit.git";
			requirement = {
				kind = upToNextMajorVersion;
				minimumVersion = 5.7.1;
			};
		};
/* End XCRemoteSwiftPackageReference section */

/* Begin XCSwiftPackageProductDependency section */
		BA34C2D42DC0CC44005915FE /* ElevenLabsSDK */ = {
			isa = XCSwiftPackageProductDependency;
			package = BA34C2D32DC0CC44005915FE /* XCRemoteSwiftPackageReference "ElevenLabsSwift" */;
			productName = ElevenLabsSDK;
		};
		BA538B9D2DEC79660028C9A7 /* RevenueCat */ = {
			isa = XCSwiftPackageProductDependency;
			package = BA538B9C2DEC79660028C9A7 /* XCRemoteSwiftPackageReference "purchases-ios-spm" */;
			productName = RevenueCat;
		};
		BA538B9F2DEC79660028C9A7 /* RevenueCatUI */ = {
			isa = XCSwiftPackageProductDependency;
			package = BA538B9C2DEC79660028C9A7 /* XCRemoteSwiftPackageReference "purchases-ios-spm" */;
			productName = RevenueCatUI;
		};
		BA7A9BED2DBE86DA00827F7C /* Alamofire */ = {
			isa = XCSwiftPackageProductDependency;
			package = BA7A9BEC2DBE86DA00827F7C /* XCRemoteSwiftPackageReference "Alamofire" */;
			productName = Alamofire;
		};
		BA7A9BF92DBE8A5600827F7C /* GoogleGenerativeAI */ = {
			isa = XCSwiftPackageProductDependency;
			package = BA7A9BF82DBE8A5600827F7C /* XCRemoteSwiftPackageReference "deprecated-generative-ai-swift" */;
			productName = GoogleGenerativeAI;
		};
		BABAC5AD2DC15DB30025399E /* FirebaseAuth */ = {
			isa = XCSwiftPackageProductDependency;
			package = BABAC5AC2DC15DB30025399E /* XCRemoteSwiftPackageReference "firebase-ios-sdk" */;
			productName = FirebaseAuth;
		};
		BABAC5AF2DC15DB30025399E /* FirebaseCore */ = {
			isa = XCSwiftPackageProductDependency;
			package = BABAC5AC2DC15DB30025399E /* XCRemoteSwiftPackageReference "firebase-ios-sdk" */;
			productName = FirebaseCore;
		};
		BABAC5B12DC15DB30025399E /* FirebaseFirestore */ = {
			isa = XCSwiftPackageProductDependency;
			package = BABAC5AC2DC15DB30025399E /* XCRemoteSwiftPackageReference "firebase-ios-sdk" */;
			productName = FirebaseFirestore;
		};
		BABAC5B32DC15DB30025399E /* FirebaseStorage */ = {
			isa = XCSwiftPackageProductDependency;
			package = BABAC5AC2DC15DB30025399E /* XCRemoteSwiftPackageReference "firebase-ios-sdk" */;
			productName = FirebaseStorage;
		};
		BAC317392DBE56500066DF0D /* SnapKit */ = {
			isa = XCSwiftPackageProductDependency;
			package = BAC317382DBE56500066DF0D /* XCRemoteSwiftPackageReference "SnapKit" */;
			productName = SnapKit;
		};
/* End XCSwiftPackageProductDependency section */
	};
	rootObject = BAC316882DBE41350066DF0D /* Project object */;
}
